
Microsoft Visual Studio Solution File, Format Version 12.00
# Visual Studio Version 16
VisualStudioVersion = 16.0.31205.134
MinimumVisualStudioVersion = 10.0.40219.1
Project("{888888A0-9F3D-457C-B088-3A5042F75D52}") = "Tree", "Tree.pyproj", "{FF25D662-181A-47B2-AFB7-A56088FF02DA}"
EndProject
Global
	GlobalSection(SolutionConfigurationPlatforms) = preSolution
		Debug|Any CPU = Debug|Any CPU
		Release|Any CPU = Release|Any CPU
	EndGlobalSection
	GlobalSection(ProjectConfigurationPlatforms) = postSolution
		{FF25D662-181A-47B2-AFB7-A56088FF02DA}.Debug|Any CPU.ActiveCfg = Debug|Any CPU
		{FF25D662-181A-47B2-AFB7-A56088FF02DA}.Release|Any CPU.ActiveCfg = Release|Any CPU
	EndGlobalSection
	GlobalSection(SolutionProperties) = preSolution
		HideSolutionNode = FALSE
	EndGlobalSection
	GlobalSection(ExtensibilityGlobals) = postSolution
		SolutionGuid = {F9805327-629D-4DF5-8C76-B1B7D6C27783}
	EndGlobalSection
EndGlobal
